
Microsoft Visual Studio Solution File, Format Version 12.00
# Visual Studio 2012
Project("{E24C65DC-7377-472B-9ABA-BC803B73C61A}") = "Hw2Amazon", ".", "{39DFA4F8-BD31-4F60-959F-4A375C78F3DC}"
	ProjectSection(WebsiteProperties) = preProject
		TargetFrameworkMoniker = ".NETFramework,Version%3Dv4.5"
		Debug.AspNetCompiler.VirtualPath = "/Hw2Amazon"
		Debug.AspNetCompiler.PhysicalPath = "..\Hw2Amazon\"
		Debug.AspNetCompiler.TargetPath = "PrecompiledWeb\Hw2Amazon\"
		Debug.AspNetCompiler.Updateable = "true"
		Debug.AspNetCompiler.ForceOverwrite = "true"
		Debug.AspNetCompiler.FixedNames = "false"
		Debug.AspNetCompiler.Debug = "True"
		Release.AspNetCompiler.VirtualPath = "/Hw2Amazon"
		Release.AspNetCompiler.PhysicalPath = "..\Hw2Amazon\"
		Release.AspNetCompiler.TargetPath = "PrecompiledWeb\Hw2Amazon\"
		Release.AspNetCompiler.Updateable = "true"
		Release.AspNetCompiler.ForceOverwrite = "true"
		Release.AspNetCompiler.FixedNames = "false"
		Release.AspNetCompiler.Debug = "False"
		VWDPort = "1829"
	EndProjectSection
EndProject
Global
	GlobalSection(SolutionConfigurationPlatforms) = preSolution
		Debug|Any CPU = Debug|Any CPU
	EndGlobalSection
	GlobalSection(ProjectConfigurationPlatforms) = postSolution
		{39DFA4F8-BD31-4F60-959F-4A375C78F3DC}.Debug|Any CPU.ActiveCfg = Debug|Any CPU
		{39DFA4F8-BD31-4F60-959F-4A375C78F3DC}.Debug|Any CPU.Build.0 = Debug|Any CPU
	EndGlobalSection
	GlobalSection(SolutionProperties) = preSolution
		HideSolutionNode = FALSE
	EndGlobalSection
EndGlobal
